
Microsoft Visual Studio Solution File, Format Version 12.00
# Visual Studio Version 17
VisualStudioVersion = 17.14.36301.6 d17.14
MinimumVisualStudioVersion = 10.0.40219.1
Project("{FAE04EC0-301F-11D3-BF4B-00C04F79EFBC}") = "HKW.StringFormat", "HKW.StringFormat\HKW.StringFormat.csproj", "{FC75AC69-DC02-4641-810E-02E3637019AF}"
EndProject
Global
	GlobalSection(SolutionConfigurationPlatforms) = preSolution
		Debug|Any CPU = Debug|Any CPU
		Release|Any CPU = Release|Any CPU
	EndGlobalSection
	GlobalSection(ProjectConfigurationPlatforms) = postSolution
		{FC75AC69-DC02-4641-810E-02E3637019AF}.Debug|Any CPU.ActiveCfg = Debug|Any CPU
		{FC75AC69-DC02-4641-810E-02E3637019AF}.Debug|Any CPU.Build.0 = Debug|Any CPU
		{FC75AC69-DC02-4641-810E-02E3637019AF}.Release|Any CPU.ActiveCfg = Release|Any CPU
		{FC75AC69-DC02-4641-810E-02E3637019AF}.Release|Any CPU.Build.0 = Release|Any CPU
	EndGlobalSection
	GlobalSection(SolutionProperties) = preSolution
		HideSolutionNode = FALSE
	EndGlobalSection
	GlobalSection(ExtensibilityGlobals) = postSolution
		SolutionGuid = {49F6FCC2-C49F-4FF0-884E-384AD0DD79D7}
	EndGlobalSection
EndGlobal
